
Microsoft Visual Studio Solution File, Format Version 12.00
# Visual Studio Version 17
VisualStudioVersion = 17.1.32210.238
MinimumVisualStudioVersion = 10.0.40219.1
Project("{FAE04EC0-301F-11D3-BF4B-00C04F79EFBC}") = "UseCase-2-Day8-LineComparison", "UseCase-2-Day8-LineComparison\UseCase-2-Day8-LineComparison.csproj", "{6BD78411-1B56-4741-92A0-EC7B55404009}"
EndProject
Global
	GlobalSection(SolutionConfigurationPlatforms) = preSolution
		Debug|Any CPU = Debug|Any CPU
		Release|Any CPU = Release|Any CPU
	EndGlobalSection
	GlobalSection(ProjectConfigurationPlatforms) = postSolution
		{6BD78411-1B56-4741-92A0-EC7B55404009}.Debug|Any CPU.ActiveCfg = Debug|Any CPU
		{6BD78411-1B56-4741-92A0-EC7B55404009}.Debug|Any CPU.Build.0 = Debug|Any CPU
		{6BD78411-1B56-4741-92A0-EC7B55404009}.Release|Any CPU.ActiveCfg = Release|Any CPU
		{6BD78411-1B56-4741-92A0-EC7B55404009}.Release|Any CPU.Build.0 = Release|Any CPU
	EndGlobalSection
	GlobalSection(SolutionProperties) = preSolution
		HideSolutionNode = FALSE
	EndGlobalSection
	GlobalSection(ExtensibilityGlobals) = postSolution
		SolutionGuid = {3DF5890F-CF5F-4898-937E-2722006D728B}
	EndGlobalSection
EndGlobal
